// !$*UTF8*$!
{
	archiveVersion = 1;
	classes = {
	};
	objectVersion = 56;
	objects = {

/* Begin PBXBuildFile section */
		9A0C09D22C6D35C2006F79B1 /* UICollectionViewExtention.swift in Sources */ = {isa = PBXBuildFile; fileRef = 9A0C09D12C6D35C2006F79B1 /* UICollectionViewExtention.swift */; };
		9A704F142C73BF0900EEE42B /* Tracker.xcdatamodeld in Sources */ = {isa = PBXBuildFile; fileRef = 9A704F122C73BF0900EEE42B /* Tracker.xcdatamodeld */; };
		9A704F172C73C1AA00EEE42B /* TrackerStore.swift in Sources */ = {isa = PBXBuildFile; fileRef = 9A704F162C73C1AA00EEE42B /* TrackerStore.swift */; };
		9A704F192C73C1C000EEE42B /* TrackerCategoryStore.swift in Sources */ = {isa = PBXBuildFile; fileRef = 9A704F182C73C1C000EEE42B /* TrackerCategoryStore.swift */; };
		9A704F1B2C73C1D100EEE42B /* TrackerRecordStore.swift in Sources */ = {isa = PBXBuildFile; fileRef = 9A704F1A2C73C1D100EEE42B /* TrackerRecordStore.swift */; };
		9A7249C42C6BE5B2006E9557 /* EmojiAndColorCollectionViewCell.swift in Sources */ = {isa = PBXBuildFile; fileRef = 9A7249C32C6BE5B2006E9557 /* EmojiAndColorCollectionViewCell.swift */; };
		9A7C9AD12C802BFB00E1B1CA /* TrackerTestsYandex.swift in Sources */ = {isa = PBXBuildFile; fileRef = 9A7C9AD02C802BFB00E1B1CA /* TrackerTestsYandex.swift */; };
		9A7C9AD92C80985200E1B1CA /* WeekDay.swift in Sources */ = {isa = PBXBuildFile; fileRef = 9A7C9AD82C80985200E1B1CA /* WeekDay.swift */; };
		9A7C9ADB2C809B6300E1B1CA /* WeekDayTableViewCell.swift in Sources */ = {isa = PBXBuildFile; fileRef = 9A7C9ADA2C809B6300E1B1CA /* WeekDayTableViewCell.swift */; };
		9A7C9ADD2C80B88500E1B1CA /* CreateNewTypeCategoryVC.swift in Sources */ = {isa = PBXBuildFile; fileRef = 9A7C9ADC2C80B88500E1B1CA /* CreateNewTypeCategoryVC.swift */; };
		9A7C9ADF2C80BAB500E1B1CA /* EmojiColorHeaderReusableView.swift in Sources */ = {isa = PBXBuildFile; fileRef = 9A7C9ADE2C80BAB500E1B1CA /* EmojiColorHeaderReusableView.swift */; };
		9A7C9AE12C80BB6A00E1B1CA /* FilterVC.swift in Sources */ = {isa = PBXBuildFile; fileRef = 9A7C9AE02C80BB6A00E1B1CA /* FilterVC.swift */; };
		9A7C9AE32C80BBD300E1B1CA /* Filter.swift in Sources */ = {isa = PBXBuildFile; fileRef = 9A7C9AE22C80BBD300E1B1CA /* Filter.swift */; };
		9A7C9AE52C80C1E000E1B1CA /* Items.swift in Sources */ = {isa = PBXBuildFile; fileRef = 9A7C9AE42C80C1E000E1B1CA /* Items.swift */; };
		9A7C9AEA2C80F58700E1B1CA /* InlineSnapshotTesting in Frameworks */ = {isa = PBXBuildFile; productRef = 9A7C9AE92C80F58700E1B1CA /* InlineSnapshotTesting */; };
		9A7C9AEC2C80F58700E1B1CA /* SnapshotTesting in Frameworks */ = {isa = PBXBuildFile; productRef = 9A7C9AEB2C80F58700E1B1CA /* SnapshotTesting */; };
		9A84ED3C2C65493500D2B8D4 /* TrackerCollectionViewCell.swift in Sources */ = {isa = PBXBuildFile; fileRef = 9A84ED3B2C65493500D2B8D4 /* TrackerCollectionViewCell.swift */; };
		9A92EA372C80137B00358752 /* Events.swift in Sources */ = {isa = PBXBuildFile; fileRef = 9A92EA362C80137B00358752 /* Events.swift */; };
		9A9AF1BF2C4C233C00A601B0 /* TabBarController.swift in Sources */ = {isa = PBXBuildFile; fileRef = 9A9AF1BE2C4C233C00A601B0 /* TabBarController.swift */; };
		9AA4BDA52C67989700FF115E /* CreateEventVC.swift in Sources */ = {isa = PBXBuildFile; fileRef = 9AA4BDA42C67989700FF115E /* CreateEventVC.swift */; };
		9AA4BDAB2C679A8900FF115E /* UITextFieldExpansion.swift in Sources */ = {isa = PBXBuildFile; fileRef = 9AA4BDAA2C679A8900FF115E /* UITextFieldExpansion.swift */; };
		9AA4BDB52C679D8900FF115E /* ScheduleViewController.swift in Sources */ = {isa = PBXBuildFile; fileRef = 9AA4BDB42C679D8900FF115E /* ScheduleViewController.swift */; };
		9AA5F65C2C3AAD5000E90C33 /* StatisticViewController.swift in Sources */ = {isa = PBXBuildFile; fileRef = 9AA5F65B2C3AAD5000E90C33 /* StatisticViewController.swift */; };
		9AA5F65E2C3AAECE00E90C33 /* ColorExtention.swift in Sources */ = {isa = PBXBuildFile; fileRef = 9AA5F65D2C3AAECE00E90C33 /* ColorExtention.swift */; };
		9AA7B9732C373DDB00DB0E81 /* AppDelegate.swift in Sources */ = {isa = PBXBuildFile; fileRef = 9AA7B9722C373DDB00DB0E81 /* AppDelegate.swift */; };
		9AA7B9752C373DDB00DB0E81 /* SceneDelegate.swift in Sources */ = {isa = PBXBuildFile; fileRef = 9AA7B9742C373DDB00DB0E81 /* SceneDelegate.swift */; };
		9AA7B9772C373DDB00DB0E81 /* TrackerViewController.swift in Sources */ = {isa = PBXBuildFile; fileRef = 9AA7B9762C373DDB00DB0E81 /* TrackerViewController.swift */; };
		9AA7B97C2C373DDD00DB0E81 /* Assets.xcassets in Resources */ = {isa = PBXBuildFile; fileRef = 9AA7B97B2C373DDD00DB0E81 /* Assets.xcassets */; };
		9AA7B97F2C373DDD00DB0E81 /* LaunchScreen.storyboard in Resources */ = {isa = PBXBuildFile; fileRef = 9AA7B97D2C373DDD00DB0E81 /* LaunchScreen.storyboard */; };
		9AC47F082C56E54800DF0F57 /* Tracker.swift in Sources */ = {isa = PBXBuildFile; fileRef = 9AC47F072C56E54800DF0F57 /* Tracker.swift */; };
		9AC47F0B2C56E6A700DF0F57 /* TrackerCategory.swift in Sources */ = {isa = PBXBuildFile; fileRef = 9AC47F0A2C56E6A700DF0F57 /* TrackerCategory.swift */; };
		9AC47F0D2C56E6D400DF0F57 /* TrackerRecord.swift in Sources */ = {isa = PBXBuildFile; fileRef = 9AC47F0C2C56E6D400DF0F57 /* TrackerRecord.swift */; };
		9AC47F132C56E91B00DF0F57 /* DateExtension.swift in Sources */ = {isa = PBXBuildFile; fileRef = 9AC47F122C56E91B00DF0F57 /* DateExtension.swift */; };
		9ACF8F002C7FD9CE00477E49 /* Localizable.strings in Resources */ = {isa = PBXBuildFile; fileRef = 9ACF8F022C7FD9CE00477E49 /* Localizable.strings */; };
		9ACF8F082C7FDE6000477E49 /* Localizable.stringsdict in Resources */ = {isa = PBXBuildFile; fileRef = 9ACF8F0A2C7FDE6000477E49 /* Localizable.stringsdict */; };
		9ACF8F0D2C7FEDAA00477E49 /* NSLocalizedString.swift in Sources */ = {isa = PBXBuildFile; fileRef = 9ACF8F0C2C7FEDAA00477E49 /* NSLocalizedString.swift */; };
		9ACF8F242C7FFD4400477E49 /* AnalyticsService.swift in Sources */ = {isa = PBXBuildFile; fileRef = 9ACF8F232C7FFD4400477E49 /* AnalyticsService.swift */; };
		9AD420AD2C7A6E9300D26B27 /* OnboardingViewController.swift in Sources */ = {isa = PBXBuildFile; fileRef = 9AD420AC2C7A6E9300D26B27 /* OnboardingViewController.swift */; };
		9AD420B02C7B2A5D00D26B27 /* DataProvider.swift in Sources */ = {isa = PBXBuildFile; fileRef = 9AD420AF2C7B2A5D00D26B27 /* DataProvider.swift */; };
		9AD420B62C7B35D100D26B27 /* UIFontExtention.swift in Sources */ = {isa = PBXBuildFile; fileRef = 9AD420B52C7B35D100D26B27 /* UIFontExtention.swift */; };
		9AD420B92C7B36A800D26B27 /* CategorisViewController.swift in Sources */ = {isa = PBXBuildFile; fileRef = 9AD420B82C7B36A800D26B27 /* CategorisViewController.swift */; };
		9AD420BD2C7B374A00D26B27 /* CategoryCollectionViewCell.swift in Sources */ = {isa = PBXBuildFile; fileRef = 9AD420BC2C7B374A00D26B27 /* CategoryCollectionViewCell.swift */; };
		9AD420BF2C7B379200D26B27 /* CategoryViewModel.swift in Sources */ = {isa = PBXBuildFile; fileRef = 9AD420BE2C7B379200D26B27 /* CategoryViewModel.swift */; };
		9AD420CB2C7B404400D26B27 /* TrackerHeaderReusableView.swift in Sources */ = {isa = PBXBuildFile; fileRef = 9AD420CA2C7B404400D26B27 /* TrackerHeaderReusableView.swift */; };
		9AD420CD2C7B40F200D26B27 /* UIViewExtension.swift in Sources */ = {isa = PBXBuildFile; fileRef = 9AD420CC2C7B40F200D26B27 /* UIViewExtension.swift */; };
		9AD420CF2C7B432200D26B27 /* UIViewControllerExtension.swift in Sources */ = {isa = PBXBuildFile; fileRef = 9AD420CE2C7B432200D26B27 /* UIViewControllerExtension.swift */; };
		9AD420D42C7BCE3500D26B27 /* StringExtension.swift in Sources */ = {isa = PBXBuildFile; fileRef = 9AD420D32C7BCE3500D26B27 /* StringExtension.swift */; };
		9AD420D82C7BCFED00D26B27 /* EditCategoryVC.swift in Sources */ = {isa = PBXBuildFile; fileRef = 9AD420D72C7BCFED00D26B27 /* EditCategoryVC.swift */; };
		9AD420DA2C7BD00900D26B27 /* CategoryView.swift in Sources */ = {isa = PBXBuildFile; fileRef = 9AD420D92C7BD00900D26B27 /* CategoryView.swift */; };
		F5D6BF50269766D1C1B1A17A /* Pods_Tracker.framework in Frameworks */ = {isa = PBXBuildFile; fileRef = 655EE5EBE71FBD07082A36F8 /* Pods_Tracker.framework */; };
/* End PBXBuildFile section */

/* Begin PBXContainerItemProxy section */
		9A7C9AD22C802BFB00E1B1CA /* PBXContainerItemProxy */ = {
			isa = PBXContainerItemProxy;
			containerPortal = 9AA7B9672C373DDB00DB0E81 /* Project object */;
			proxyType = 1;
			remoteGlobalIDString = 9AA7B96E2C373DDB00DB0E81;
			remoteInfo = Tracker;
		};
/* End PBXContainerItemProxy section */

/* Begin PBXFileReference section */
		655EE5EBE71FBD07082A36F8 /* Pods_Tracker.framework */ = {isa = PBXFileReference; explicitFileType = wrapper.framework; includeInIndex = 0; path = Pods_Tracker.framework; sourceTree = BUILT_PRODUCTS_DIR; };
		6903F597FF20ED4306A7A407 /* Pods-Tracker.debug.xcconfig */ = {isa = PBXFileReference; includeInIndex = 1; lastKnownFileType = text.xcconfig; name = "Pods-Tracker.debug.xcconfig"; path = "Target Support Files/Pods-Tracker/Pods-Tracker.debug.xcconfig"; sourceTree = "<group>"; };
		873419F3819D9334F08A1DBE /* Pods-TrackerTests.release.xcconfig */ = {isa = PBXFileReference; includeInIndex = 1; lastKnownFileType = text.xcconfig; name = "Pods-TrackerTests.release.xcconfig"; path = "Target Support Files/Pods-TrackerTests/Pods-TrackerTests.release.xcconfig"; sourceTree = "<group>"; };
		91FB321C11C857E7B048E56C /* Pods_TrackerTests.framework */ = {isa = PBXFileReference; explicitFileType = wrapper.framework; includeInIndex = 0; path = Pods_TrackerTests.framework; sourceTree = BUILT_PRODUCTS_DIR; };
		9A0C09D12C6D35C2006F79B1 /* UICollectionViewExtention.swift */ = {isa = PBXFileReference; lastKnownFileType = sourcecode.swift; path = UICollectionViewExtention.swift; sourceTree = "<group>"; };
		9A704F132C73BF0900EEE42B /* TrackerModelCoreData.xcdatamodel */ = {isa = PBXFileReference; lastKnownFileType = wrapper.xcdatamodel; path = TrackerModelCoreData.xcdatamodel; sourceTree = "<group>"; };
		9A704F162C73C1AA00EEE42B /* TrackerStore.swift */ = {isa = PBXFileReference; lastKnownFileType = sourcecode.swift; path = TrackerStore.swift; sourceTree = "<group>"; };
		9A704F182C73C1C000EEE42B /* TrackerCategoryStore.swift */ = {isa = PBXFileReference; lastKnownFileType = sourcecode.swift; path = TrackerCategoryStore.swift; sourceTree = "<group>"; };
		9A704F1A2C73C1D100EEE42B /* TrackerRecordStore.swift */ = {isa = PBXFileReference; lastKnownFileType = sourcecode.swift; path = TrackerRecordStore.swift; sourceTree = "<group>"; };
		9A7249C32C6BE5B2006E9557 /* EmojiAndColorCollectionViewCell.swift */ = {isa = PBXFileReference; lastKnownFileType = sourcecode.swift; path = EmojiAndColorCollectionViewCell.swift; sourceTree = "<group>"; };
		9A7C9ACE2C802BFB00E1B1CA /* TrackerTestsYandex.xctest */ = {isa = PBXFileReference; explicitFileType = wrapper.cfbundle; includeInIndex = 0; path = TrackerTestsYandex.xctest; sourceTree = BUILT_PRODUCTS_DIR; };
		9A7C9AD02C802BFB00E1B1CA /* TrackerTestsYandex.swift */ = {isa = PBXFileReference; lastKnownFileType = sourcecode.swift; path = TrackerTestsYandex.swift; sourceTree = "<group>"; };
		9A7C9AD82C80985200E1B1CA /* WeekDay.swift */ = {isa = PBXFileReference; lastKnownFileType = sourcecode.swift; path = WeekDay.swift; sourceTree = "<group>"; };
		9A7C9ADA2C809B6300E1B1CA /* WeekDayTableViewCell.swift */ = {isa = PBXFileReference; lastKnownFileType = sourcecode.swift; path = WeekDayTableViewCell.swift; sourceTree = "<group>"; };
		9A7C9ADC2C80B88500E1B1CA /* CreateNewTypeCategoryVC.swift */ = {isa = PBXFileReference; lastKnownFileType = sourcecode.swift; path = CreateNewTypeCategoryVC.swift; sourceTree = "<group>"; };
		9A7C9ADE2C80BAB500E1B1CA /* EmojiColorHeaderReusableView.swift */ = {isa = PBXFileReference; lastKnownFileType = sourcecode.swift; path = EmojiColorHeaderReusableView.swift; sourceTree = "<group>"; };
		9A7C9AE02C80BB6A00E1B1CA /* FilterVC.swift */ = {isa = PBXFileReference; lastKnownFileType = sourcecode.swift; path = FilterVC.swift; sourceTree = "<group>"; };
		9A7C9AE22C80BBD300E1B1CA /* Filter.swift */ = {isa = PBXFileReference; lastKnownFileType = sourcecode.swift; path = Filter.swift; sourceTree = "<group>"; };
		9A7C9AE42C80C1E000E1B1CA /* Items.swift */ = {isa = PBXFileReference; lastKnownFileType = sourcecode.swift; path = Items.swift; sourceTree = "<group>"; };
		9A84ED3B2C65493500D2B8D4 /* TrackerCollectionViewCell.swift */ = {isa = PBXFileReference; lastKnownFileType = sourcecode.swift; path = TrackerCollectionViewCell.swift; sourceTree = "<group>"; };
		9A92EA362C80137B00358752 /* Events.swift */ = {isa = PBXFileReference; lastKnownFileType = sourcecode.swift; path = Events.swift; sourceTree = "<group>"; };
		9A9AF1BE2C4C233C00A601B0 /* TabBarController.swift */ = {isa = PBXFileReference; lastKnownFileType = sourcecode.swift; path = TabBarController.swift; sourceTree = "<group>"; };
		9AA4BDA42C67989700FF115E /* CreateEventVC.swift */ = {isa = PBXFileReference; lastKnownFileType = sourcecode.swift; path = CreateEventVC.swift; sourceTree = "<group>"; };
		9AA4BDAA2C679A8900FF115E /* UITextFieldExpansion.swift */ = {isa = PBXFileReference; lastKnownFileType = sourcecode.swift; path = UITextFieldExpansion.swift; sourceTree = "<group>"; };
		9AA4BDB42C679D8900FF115E /* ScheduleViewController.swift */ = {isa = PBXFileReference; lastKnownFileType = sourcecode.swift; path = ScheduleViewController.swift; sourceTree = "<group>"; };
		9AA5F65B2C3AAD5000E90C33 /* StatisticViewController.swift */ = {isa = PBXFileReference; lastKnownFileType = sourcecode.swift; path = StatisticViewController.swift; sourceTree = "<group>"; };
		9AA5F65D2C3AAECE00E90C33 /* ColorExtention.swift */ = {isa = PBXFileReference; lastKnownFileType = sourcecode.swift; path = ColorExtention.swift; sourceTree = "<group>"; };
		9AA7B96F2C373DDB00DB0E81 /* Tracker.app */ = {isa = PBXFileReference; explicitFileType = wrapper.application; includeInIndex = 0; path = Tracker.app; sourceTree = BUILT_PRODUCTS_DIR; };
		9AA7B9722C373DDB00DB0E81 /* AppDelegate.swift */ = {isa = PBXFileReference; lastKnownFileType = sourcecode.swift; path = AppDelegate.swift; sourceTree = "<group>"; };
		9AA7B9742C373DDB00DB0E81 /* SceneDelegate.swift */ = {isa = PBXFileReference; lastKnownFileType = sourcecode.swift; path = SceneDelegate.swift; sourceTree = "<group>"; };
		9AA7B9762C373DDB00DB0E81 /* TrackerViewController.swift */ = {isa = PBXFileReference; lastKnownFileType = sourcecode.swift; path = TrackerViewController.swift; sourceTree = "<group>"; };
		9AA7B97B2C373DDD00DB0E81 /* Assets.xcassets */ = {isa = PBXFileReference; lastKnownFileType = folder.assetcatalog; path = Assets.xcassets; sourceTree = "<group>"; };
		9AA7B97E2C373DDD00DB0E81 /* Base */ = {isa = PBXFileReference; lastKnownFileType = file.storyboard; name = Base; path = Base.lproj/LaunchScreen.storyboard; sourceTree = "<group>"; };
		9AA7B9802C373DDD00DB0E81 /* Info.plist */ = {isa = PBXFileReference; lastKnownFileType = text.plist.xml; path = Info.plist; sourceTree = "<group>"; };
		9AC47F072C56E54800DF0F57 /* Tracker.swift */ = {isa = PBXFileReference; lastKnownFileType = sourcecode.swift; path = Tracker.swift; sourceTree = "<group>"; };
		9AC47F0A2C56E6A700DF0F57 /* TrackerCategory.swift */ = {isa = PBXFileReference; lastKnownFileType = sourcecode.swift; path = TrackerCategory.swift; sourceTree = "<group>"; };
		9AC47F0C2C56E6D400DF0F57 /* TrackerRecord.swift */ = {isa = PBXFileReference; lastKnownFileType = sourcecode.swift; path = TrackerRecord.swift; sourceTree = "<group>"; };
		9AC47F122C56E91B00DF0F57 /* DateExtension.swift */ = {isa = PBXFileReference; lastKnownFileType = sourcecode.swift; path = DateExtension.swift; sourceTree = "<group>"; };
		9ACF8F012C7FD9CE00477E49 /* en */ = {isa = PBXFileReference; lastKnownFileType = text.plist.strings; name = en; path = en.lproj/LocalizableStrings.strings; sourceTree = "<group>"; };
		9ACF8F052C7FDA5F00477E49 /* ru */ = {isa = PBXFileReference; lastKnownFileType = text.plist.strings; name = ru; path = ru.lproj/LocalizableStrings.strings; sourceTree = "<group>"; };
		9ACF8F092C7FDE6000477E49 /* en */ = {isa = PBXFileReference; lastKnownFileType = text.plist.stringsdict; name = en; path = en.lproj/Localizable.stringsdict; sourceTree = "<group>"; };
		9ACF8F0B2C7FDE6400477E49 /* ru */ = {isa = PBXFileReference; lastKnownFileType = text.plist.stringsdict; name = ru; path = ru.lproj/Localizable.stringsdict; sourceTree = "<group>"; };
		9ACF8F0C2C7FEDAA00477E49 /* NSLocalizedString.swift */ = {isa = PBXFileReference; lastKnownFileType = sourcecode.swift; path = NSLocalizedString.swift; sourceTree = "<group>"; };
		9ACF8F232C7FFD4400477E49 /* AnalyticsService.swift */ = {isa = PBXFileReference; lastKnownFileType = sourcecode.swift; path = AnalyticsService.swift; sourceTree = "<group>"; };
		9AD420AC2C7A6E9300D26B27 /* OnboardingViewController.swift */ = {isa = PBXFileReference; lastKnownFileType = sourcecode.swift; path = OnboardingViewController.swift; sourceTree = "<group>"; };
		9AD420AF2C7B2A5D00D26B27 /* DataProvider.swift */ = {isa = PBXFileReference; lastKnownFileType = sourcecode.swift; path = DataProvider.swift; sourceTree = "<group>"; };
		9AD420B52C7B35D100D26B27 /* UIFontExtention.swift */ = {isa = PBXFileReference; lastKnownFileType = sourcecode.swift; path = UIFontExtention.swift; sourceTree = "<group>"; };
		9AD420B82C7B36A800D26B27 /* CategorisViewController.swift */ = {isa = PBXFileReference; lastKnownFileType = sourcecode.swift; path = CategorisViewController.swift; sourceTree = "<group>"; };
		9AD420BC2C7B374A00D26B27 /* CategoryCollectionViewCell.swift */ = {isa = PBXFileReference; lastKnownFileType = sourcecode.swift; path = CategoryCollectionViewCell.swift; sourceTree = "<group>"; };
		9AD420BE2C7B379200D26B27 /* CategoryViewModel.swift */ = {isa = PBXFileReference; lastKnownFileType = sourcecode.swift; path = CategoryViewModel.swift; sourceTree = "<group>"; };
		9AD420CA2C7B404400D26B27 /* TrackerHeaderReusableView.swift */ = {isa = PBXFileReference; lastKnownFileType = sourcecode.swift; path = TrackerHeaderReusableView.swift; sourceTree = "<group>"; };
		9AD420CC2C7B40F200D26B27 /* UIViewExtension.swift */ = {isa = PBXFileReference; lastKnownFileType = sourcecode.swift; path = UIViewExtension.swift; sourceTree = "<group>"; };
		9AD420CE2C7B432200D26B27 /* UIViewControllerExtension.swift */ = {isa = PBXFileReference; lastKnownFileType = sourcecode.swift; path = UIViewControllerExtension.swift; sourceTree = "<group>"; };
		9AD420D32C7BCE3500D26B27 /* StringExtension.swift */ = {isa = PBXFileReference; lastKnownFileType = sourcecode.swift; path = StringExtension.swift; sourceTree = "<group>"; };
		9AD420D72C7BCFED00D26B27 /* EditCategoryVC.swift */ = {isa = PBXFileReference; lastKnownFileType = sourcecode.swift; path = EditCategoryVC.swift; sourceTree = "<group>"; };
		9AD420D92C7BD00900D26B27 /* CategoryView.swift */ = {isa = PBXFileReference; lastKnownFileType = sourcecode.swift; path = CategoryView.swift; sourceTree = "<group>"; };
		A72DCB1B4841FA3FAC27BC0B /* Pods-TrackerTests.debug.xcconfig */ = {isa = PBXFileReference; includeInIndex = 1; lastKnownFileType = text.xcconfig; name = "Pods-TrackerTests.debug.xcconfig"; path = "Target Support Files/Pods-TrackerTests/Pods-TrackerTests.debug.xcconfig"; sourceTree = "<group>"; };
		AD15DC1C589D13B74A51CAD6 /* Pods-Tracker.release.xcconfig */ = {isa = PBXFileReference; includeInIndex = 1; lastKnownFileType = text.xcconfig; name = "Pods-Tracker.release.xcconfig"; path = "Target Support Files/Pods-Tracker/Pods-Tracker.release.xcconfig"; sourceTree = "<group>"; };
/* End PBXFileReference section */

/* Begin PBXFrameworksBuildPhase section */
		9A7C9ACB2C802BFB00E1B1CA /* Frameworks */ = {
			isa = PBXFrameworksBuildPhase;
			buildActionMask = 2147483647;
			files = (
				9A7C9AEA2C80F58700E1B1CA /* InlineSnapshotTesting in Frameworks */,
				9A7C9AEC2C80F58700E1B1CA /* SnapshotTesting in Frameworks */,
			);
			runOnlyForDeploymentPostprocessing = 0;
		};
		9AA7B96C2C373DDB00DB0E81 /* Frameworks */ = {
			isa = PBXFrameworksBuildPhase;
			buildActionMask = 2147483647;
			files = (
				F5D6BF50269766D1C1B1A17A /* Pods_Tracker.framework in Frameworks */,
			);
			runOnlyForDeploymentPostprocessing = 0;
		};
/* End PBXFrameworksBuildPhase section */

/* Begin PBXGroup section */
		9A0C09D32C6D4821006F79B1 /* TrackersViewController */ = {
			isa = PBXGroup;
			children = (
				9AA7B9762C373DDB00DB0E81 /* TrackerViewController.swift */,
				9AA4BDA42C67989700FF115E /* CreateEventVC.swift */,
				9A7C9AE02C80BB6A00E1B1CA /* FilterVC.swift */,
			);
			path = TrackersViewController;
			sourceTree = "<group>";
		};
		9A704F152C73C18D00EEE42B /* Store */ = {
			isa = PBXGroup;
			children = (
				9A704F162C73C1AA00EEE42B /* TrackerStore.swift */,
				9A704F182C73C1C000EEE42B /* TrackerCategoryStore.swift */,
				9A704F1A2C73C1D100EEE42B /* TrackerRecordStore.swift */,
				9AD420AF2C7B2A5D00D26B27 /* DataProvider.swift */,
			);
			path = Store;
			sourceTree = "<group>";
		};
		9A704F202C73EBFC00EEE42B /* CoreData */ = {
			isa = PBXGroup;
			children = (
				9A704F122C73BF0900EEE42B /* Tracker.xcdatamodeld */,
				9A704F152C73C18D00EEE42B /* Store */,
			);
			path = CoreData;
			sourceTree = "<group>";
		};
		9A7C9ACF2C802BFB00E1B1CA /* TrackerTestsYnadex */ = {
			isa = PBXGroup;
			children = (
				9A7C9AD02C802BFB00E1B1CA /* TrackerTestsYandex.swift */,
			);
			name = TrackerTestsYnadex;
			path = TrackerTestsYandex;
			sourceTree = "<group>";
		};
		9A84ED3A2C65491E00D2B8D4 /* TrackerCells */ = {
			isa = PBXGroup;
			children = (
				9AD420BC2C7B374A00D26B27 /* CategoryCollectionViewCell.swift */,
				9A7C9ADA2C809B6300E1B1CA /* WeekDayTableViewCell.swift */,
				9A7249C32C6BE5B2006E9557 /* EmojiAndColorCollectionViewCell.swift */,
				9A84ED3B2C65493500D2B8D4 /* TrackerCollectionViewCell.swift */,
			);
			path = TrackerCells;
			sourceTree = "<group>";
		};
		9AA7B9662C373DDB00DB0E81 = {
			isa = PBXGroup;
			children = (
				9A704F202C73EBFC00EEE42B /* CoreData */,
				9AD420D22C7B464C00D26B27 /* Onboarding */,
				9AA7B9712C373DDB00DB0E81 /* Tracker */,
				9A7C9ACF2C802BFB00E1B1CA /* TrackerTestsYnadex */,
				9AA7B9702C373DDB00DB0E81 /* Products */,
				C3BE0D040B4411EB98CD6218 /* Pods */,
				D66A909B6451FCC10AF83FD7 /* Frameworks */,
			);
			sourceTree = "<group>";
		};
		9AA7B9702C373DDB00DB0E81 /* Products */ = {
			isa = PBXGroup;
			children = (
				9AA7B96F2C373DDB00DB0E81 /* Tracker.app */,
				9A7C9ACE2C802BFB00E1B1CA /* TrackerTestsYandex.xctest */,
			);
			name = Products;
			sourceTree = "<group>";
		};
		9AA7B9712C373DDB00DB0E81 /* Tracker */ = {
			isa = PBXGroup;
			children = (
				9AA7B9722C373DDB00DB0E81 /* AppDelegate.swift */,
				9AA7B9742C373DDB00DB0E81 /* SceneDelegate.swift */,
				9ACF8F232C7FFD4400477E49 /* AnalyticsService.swift */,
				9A9AF1BE2C4C233C00A601B0 /* TabBarController.swift */,
				9AA5F65B2C3AAD5000E90C33 /* StatisticViewController.swift */,
				9AA4BDB42C679D8900FF115E /* ScheduleViewController.swift */,
				9AC47F0F2C56E88B00DF0F57 /* Helpers */,
				9AC47F0E2C56E86D00DF0F57 /* Conponents */,
				9A0C09D32C6D4821006F79B1 /* TrackersViewController */,
				9AD420B72C7B368E00D26B27 /* CategorisViewController */,
				9ACF8EFC2C7FD72700477E49 /* Resources */,
				9AA7B97B2C373DDD00DB0E81 /* Assets.xcassets */,
				9AA7B97D2C373DDD00DB0E81 /* LaunchScreen.storyboard */,
				9AA7B9802C373DDD00DB0E81 /* Info.plist */,
			);
			path = Tracker;
			sourceTree = "<group>";
		};
		9AC47F092C56E68700DF0F57 /* Models */ = {
			isa = PBXGroup;
			children = (
				9AC47F072C56E54800DF0F57 /* Tracker.swift */,
				9AC47F0C2C56E6D400DF0F57 /* TrackerRecord.swift */,
				9AC47F0A2C56E6A700DF0F57 /* TrackerCategory.swift */,
			);
			path = Models;
			sourceTree = "<group>";
		};
		9AC47F0E2C56E86D00DF0F57 /* Conponents */ = {
			isa = PBXGroup;
			children = (
				9A84ED3A2C65491E00D2B8D4 /* TrackerCells */,
				9AC47F092C56E68700DF0F57 /* Models */,
				9AD420D92C7BD00900D26B27 /* CategoryView.swift */,
				9AD420CA2C7B404400D26B27 /* TrackerHeaderReusableView.swift */,
				9A7C9ADE2C80BAB500E1B1CA /* EmojiColorHeaderReusableView.swift */,
				9A7C9AD82C80985200E1B1CA /* WeekDay.swift */,
			);
			path = Conponents;
			sourceTree = "<group>";
		};
		9AC47F0F2C56E88B00DF0F57 /* Helpers */ = {
			isa = PBXGroup;
			children = (
				9ACF8F0C2C7FEDAA00477E49 /* NSLocalizedString.swift */,
				9A92EA362C80137B00358752 /* Events.swift */,
				9A7C9AE22C80BBD300E1B1CA /* Filter.swift */,
				9A7C9AE42C80C1E000E1B1CA /* Items.swift */,
				9AD420ED2C7BF00E00D26B27 /* Extensions */,
			);
			path = Helpers;
			sourceTree = "<group>";
		};
		9ACF8EFC2C7FD72700477E49 /* Resources */ = {
			isa = PBXGroup;
			children = (
				9ACF8F022C7FD9CE00477E49 /* Localizable.strings */,
				9ACF8F0A2C7FDE6000477E49 /* Localizable.stringsdict */,
			);
			path = Resources;
			sourceTree = "<group>";
		};
		9AD420B72C7B368E00D26B27 /* CategorisViewController */ = {
			isa = PBXGroup;
			children = (
				9AD420BE2C7B379200D26B27 /* CategoryViewModel.swift */,
				9AD420B82C7B36A800D26B27 /* CategorisViewController.swift */,
				9AD420D72C7BCFED00D26B27 /* EditCategoryVC.swift */,
				9A7C9ADC2C80B88500E1B1CA /* CreateNewTypeCategoryVC.swift */,
			);
			path = CategorisViewController;
			sourceTree = "<group>";
		};
		9AD420D22C7B464C00D26B27 /* Onboarding */ = {
			isa = PBXGroup;
			children = (
				9AD420AC2C7A6E9300D26B27 /* OnboardingViewController.swift */,
			);
			path = Onboarding;
			sourceTree = "<group>";
		};
		9AD420ED2C7BF00E00D26B27 /* Extensions */ = {
			isa = PBXGroup;
			children = (
				9AA4BDAA2C679A8900FF115E /* UITextFieldExpansion.swift */,
				9A0C09D12C6D35C2006F79B1 /* UICollectionViewExtention.swift */,
				9AD420CC2C7B40F200D26B27 /* UIViewExtension.swift */,
				9AD420B52C7B35D100D26B27 /* UIFontExtention.swift */,
				9AD420D32C7BCE3500D26B27 /* StringExtension.swift */,
				9AD420CE2C7B432200D26B27 /* UIViewControllerExtension.swift */,
				9AA5F65D2C3AAECE00E90C33 /* ColorExtention.swift */,
				9AC47F122C56E91B00DF0F57 /* DateExtension.swift */,
			);
			path = Extensions;
			sourceTree = "<group>";
		};
		C3BE0D040B4411EB98CD6218 /* Pods */ = {
			isa = PBXGroup;
			children = (
				6903F597FF20ED4306A7A407 /* Pods-Tracker.debug.xcconfig */,
				AD15DC1C589D13B74A51CAD6 /* Pods-Tracker.release.xcconfig */,
				A72DCB1B4841FA3FAC27BC0B /* Pods-TrackerTests.debug.xcconfig */,
				873419F3819D9334F08A1DBE /* Pods-TrackerTests.release.xcconfig */,
			);
			path = Pods;
			sourceTree = "<group>";
		};
		D66A909B6451FCC10AF83FD7 /* Frameworks */ = {
			isa = PBXGroup;
			children = (
				655EE5EBE71FBD07082A36F8 /* Pods_Tracker.framework */,
				91FB321C11C857E7B048E56C /* Pods_TrackerTests.framework */,
			);
			name = Frameworks;
			sourceTree = "<group>";
		};
/* End PBXGroup section */

/* Begin PBXNativeTarget section */
		9A7C9ACD2C802BFB00E1B1CA /* TrackerTestsYandex */ = {
			isa = PBXNativeTarget;
			buildConfigurationList = 9A7C9AD42C802BFB00E1B1CA /* Build configuration list for PBXNativeTarget "TrackerTestsYandex" */;
			buildPhases = (
				9A7C9ACA2C802BFB00E1B1CA /* Sources */,
				9A7C9ACB2C802BFB00E1B1CA /* Frameworks */,
				9A7C9ACC2C802BFB00E1B1CA /* Resources */,
			);
			buildRules = (
			);
			dependencies = (
				9A7C9AD32C802BFB00E1B1CA /* PBXTargetDependency */,
			);
			name = TrackerTestsYandex;
			packageProductDependencies = (
				9A7C9AE92C80F58700E1B1CA /* InlineSnapshotTesting */,
				9A7C9AEB2C80F58700E1B1CA /* SnapshotTesting */,
			);
			productName = TrackerTestsYnadex;
			productReference = 9A7C9ACE2C802BFB00E1B1CA /* TrackerTestsYandex.xctest */;
			productType = "com.apple.product-type.bundle.unit-test";
		};
		9AA7B96E2C373DDB00DB0E81 /* Tracker */ = {
			isa = PBXNativeTarget;
			buildConfigurationList = 9AA7B9832C373DDD00DB0E81 /* Build configuration list for PBXNativeTarget "Tracker" */;
			buildPhases = (
				CB192EE2800D7981B40E564B /* [CP] Check Pods Manifest.lock */,
				9AA7B96B2C373DDB00DB0E81 /* Sources */,
				9AA7B96C2C373DDB00DB0E81 /* Frameworks */,
				9AA7B96D2C373DDB00DB0E81 /* Resources */,
				74F78ECB1E928FD0CBFF6112 /* [CP] Embed Pods Frameworks */,
			);
			buildRules = (
			);
			dependencies = (
			);
			name = Tracker;
			packageProductDependencies = (
			);
			productName = Tracker;
			productReference = 9AA7B96F2C373DDB00DB0E81 /* Tracker.app */;
			productType = "com.apple.product-type.application";
		};
/* End PBXNativeTarget section */

/* Begin PBXProject section */
		9AA7B9672C373DDB00DB0E81 /* Project object */ = {
			isa = PBXProject;
			attributes = {
				BuildIndependentTargetsInParallel = 1;
				LastSwiftUpdateCheck = 1520;
				LastUpgradeCheck = 1520;
				TargetAttributes = {
					9A7C9ACD2C802BFB00E1B1CA = {
						CreatedOnToolsVersion = 15.2;
						TestTargetID = 9AA7B96E2C373DDB00DB0E81;
					};
					9AA7B96E2C373DDB00DB0E81 = {
						CreatedOnToolsVersion = 15.2;
					};
				};
			};
			buildConfigurationList = 9AA7B96A2C373DDB00DB0E81 /* Build configuration list for PBXProject "Tracker" */;
			compatibilityVersion = "Xcode 14.0";
			developmentRegion = en;
			hasScannedForEncodings = 0;
			knownRegions = (
				en,
				Base,
				ru,
			);
			mainGroup = 9AA7B9662C373DDB00DB0E81;
			packageReferences = (
				9A7C9AE82C80F58700E1B1CA /* XCRemoteSwiftPackageReference "swift-snapshot-testing" */,
			);
			productRefGroup = 9AA7B9702C373DDB00DB0E81 /* Products */;
			projectDirPath = "";
			projectRoot = "";
			targets = (
				9AA7B96E2C373DDB00DB0E81 /* Tracker */,
				9A7C9ACD2C802BFB00E1B1CA /* TrackerTestsYandex */,
			);
		};
/* End PBXProject section */

/* Begin PBXResourcesBuildPhase section */
		9A7C9ACC2C802BFB00E1B1CA /* Resources */ = {
			isa = PBXResourcesBuildPhase;
			buildActionMask = 2147483647;
			files = (
			);
			runOnlyForDeploymentPostprocessing = 0;
		};
		9AA7B96D2C373DDB00DB0E81 /* Resources */ = {
			isa = PBXResourcesBuildPhase;
			buildActionMask = 2147483647;
			files = (
				9AA7B97F2C373DDD00DB0E81 /* LaunchScreen.storyboard in Resources */,
				9ACF8F082C7FDE6000477E49 /* Localizable.stringsdict in Resources */,
				9ACF8F002C7FD9CE00477E49 /* Localizable.strings in Resources */,
				9AA7B97C2C373DDD00DB0E81 /* Assets.xcassets in Resources */,
			);
			runOnlyForDeploymentPostprocessing = 0;
		};
/* End PBXResourcesBuildPhase section */

/* Begin PBXShellScriptBuildPhase section */
		74F78ECB1E928FD0CBFF6112 /* [CP] Embed Pods Frameworks */ = {
			isa = PBXShellScriptBuildPhase;
			buildActionMask = 2147483647;
			files = (
			);
			inputFileListPaths = (
				"${PODS_ROOT}/Target Support Files/Pods-Tracker/Pods-Tracker-frameworks-${CONFIGURATION}-input-files.xcfilelist",
			);
			name = "[CP] Embed Pods Frameworks";
			outputFileListPaths = (
				"${PODS_ROOT}/Target Support Files/Pods-Tracker/Pods-Tracker-frameworks-${CONFIGURATION}-output-files.xcfilelist",
			);
			runOnlyForDeploymentPostprocessing = 0;
			shellPath = /bin/sh;
			shellScript = "\"${PODS_ROOT}/Target Support Files/Pods-Tracker/Pods-Tracker-frameworks.sh\"\n";
			showEnvVarsInLog = 0;
		};
		CB192EE2800D7981B40E564B /* [CP] Check Pods Manifest.lock */ = {
			isa = PBXShellScriptBuildPhase;
			buildActionMask = 2147483647;
			files = (
			);
			inputFileListPaths = (
			);
			inputPaths = (
				"${PODS_PODFILE_DIR_PATH}/Podfile.lock",
				"${PODS_ROOT}/Manifest.lock",
			);
			name = "[CP] Check Pods Manifest.lock";
			outputFileListPaths = (
			);
			outputPaths = (
				"$(DERIVED_FILE_DIR)/Pods-Tracker-checkManifestLockResult.txt",
			);
			runOnlyForDeploymentPostprocessing = 0;
			shellPath = /bin/sh;
			shellScript = "diff \"${PODS_PODFILE_DIR_PATH}/Podfile.lock\" \"${PODS_ROOT}/Manifest.lock\" > /dev/null\nif [ $? != 0 ] ; then\n    # print error to STDERR\n    echo \"error: The sandbox is not in sync with the Podfile.lock. Run 'pod install' or update your CocoaPods installation.\" >&2\n    exit 1\nfi\n# This output is used by Xcode 'outputs' to avoid re-running this script phase.\necho \"SUCCESS\" > \"${SCRIPT_OUTPUT_FILE_0}\"\n";
			showEnvVarsInLog = 0;
		};
/* End PBXShellScriptBuildPhase section */

/* Begin PBXSourcesBuildPhase section */
		9A7C9ACA2C802BFB00E1B1CA /* Sources */ = {
			isa = PBXSourcesBuildPhase;
			buildActionMask = 2147483647;
			files = (
				9A7C9AD12C802BFB00E1B1CA /* TrackerTestsYandex.swift in Sources */,
			);
			runOnlyForDeploymentPostprocessing = 0;
		};
		9AA7B96B2C373DDB00DB0E81 /* Sources */ = {
			isa = PBXSourcesBuildPhase;
			buildActionMask = 2147483647;
			files = (
				9AA4BDA52C67989700FF115E /* CreateEventVC.swift in Sources */,
				9AA5F65E2C3AAECE00E90C33 /* ColorExtention.swift in Sources */,
				9AA4BDB52C679D8900FF115E /* ScheduleViewController.swift in Sources */,
				9AD420BF2C7B379200D26B27 /* CategoryViewModel.swift in Sources */,
				9AD420B92C7B36A800D26B27 /* CategorisViewController.swift in Sources */,
				9AA7B9772C373DDB00DB0E81 /* TrackerViewController.swift in Sources */,
				9A704F1B2C73C1D100EEE42B /* TrackerRecordStore.swift in Sources */,
				9ACF8F0D2C7FEDAA00477E49 /* NSLocalizedString.swift in Sources */,
				9AD420AD2C7A6E9300D26B27 /* OnboardingViewController.swift in Sources */,
				9AD420D82C7BCFED00D26B27 /* EditCategoryVC.swift in Sources */,
				9A7C9AE52C80C1E000E1B1CA /* Items.swift in Sources */,
				9A704F172C73C1AA00EEE42B /* TrackerStore.swift in Sources */,
				9A92EA372C80137B00358752 /* Events.swift in Sources */,
				9AD420B62C7B35D100D26B27 /* UIFontExtention.swift in Sources */,
				9AD420BD2C7B374A00D26B27 /* CategoryCollectionViewCell.swift in Sources */,
				9A0C09D22C6D35C2006F79B1 /* UICollectionViewExtention.swift in Sources */,
				9A704F142C73BF0900EEE42B /* Tracker.xcdatamodeld in Sources */,
				9AC47F0B2C56E6A700DF0F57 /* TrackerCategory.swift in Sources */,
				9A704F192C73C1C000EEE42B /* TrackerCategoryStore.swift in Sources */,
				9AA7B9732C373DDB00DB0E81 /* AppDelegate.swift in Sources */,
				9AA5F65C2C3AAD5000E90C33 /* StatisticViewController.swift in Sources */,
				9ACF8F242C7FFD4400477E49 /* AnalyticsService.swift in Sources */,
				9AD420CD2C7B40F200D26B27 /* UIViewExtension.swift in Sources */,
				9A7C9AD92C80985200E1B1CA /* WeekDay.swift in Sources */,
				9AA4BDAB2C679A8900FF115E /* UITextFieldExpansion.swift in Sources */,
				9AC47F0D2C56E6D400DF0F57 /* TrackerRecord.swift in Sources */,
				9A7C9AE32C80BBD300E1B1CA /* Filter.swift in Sources */,
				9AD420D42C7BCE3500D26B27 /* StringExtension.swift in Sources */,
				9A7C9ADB2C809B6300E1B1CA /* WeekDayTableViewCell.swift in Sources */,
				9AD420CB2C7B404400D26B27 /* TrackerHeaderReusableView.swift in Sources */,
				9AC47F132C56E91B00DF0F57 /* DateExtension.swift in Sources */,
				9A7249C42C6BE5B2006E9557 /* EmojiAndColorCollectionViewCell.swift in Sources */,
				9A84ED3C2C65493500D2B8D4 /* TrackerCollectionViewCell.swift in Sources */,
				9AA7B9752C373DDB00DB0E81 /* SceneDelegate.swift in Sources */,
				9AD420DA2C7BD00900D26B27 /* CategoryView.swift in Sources */,
				9A7C9AE12C80BB6A00E1B1CA /* FilterVC.swift in Sources */,
				9A9AF1BF2C4C233C00A601B0 /* TabBarController.swift in Sources */,
				9AD420B02C7B2A5D00D26B27 /* DataProvider.swift in Sources */,
				9A7C9ADD2C80B88500E1B1CA /* CreateNewTypeCategoryVC.swift in Sources */,
				9AD420CF2C7B432200D26B27 /* UIViewControllerExtension.swift in Sources */,
				9AC47F082C56E54800DF0F57 /* Tracker.swift in Sources */,
				9A7C9ADF2C80BAB500E1B1CA /* EmojiColorHeaderReusableView.swift in Sources */,
			);
			runOnlyForDeploymentPostprocessing = 0;
		};
/* End PBXSourcesBuildPhase section */

/* Begin PBXTargetDependency section */
		9A7C9AD32C802BFB00E1B1CA /* PBXTargetDependency */ = {
			isa = PBXTargetDependency;
			target = 9AA7B96E2C373DDB00DB0E81 /* Tracker */;
			targetProxy = 9A7C9AD22C802BFB00E1B1CA /* PBXContainerItemProxy */;
		};
/* End PBXTargetDependency section */

/* Begin PBXVariantGroup section */
		9AA7B97D2C373DDD00DB0E81 /* LaunchScreen.storyboard */ = {
			isa = PBXVariantGroup;
			children = (
				9AA7B97E2C373DDD00DB0E81 /* Base */,
			);
			name = LaunchScreen.storyboard;
			sourceTree = "<group>";
		};
		9ACF8F022C7FD9CE00477E49 /* Localizable.strings */ = {
			isa = PBXVariantGroup;
			children = (
				9ACF8F012C7FD9CE00477E49 /* en */,
				9ACF8F052C7FDA5F00477E49 /* ru */,
			);
			name = Localizable.strings;
			sourceTree = "<group>";
		};
		9ACF8F0A2C7FDE6000477E49 /* Localizable.stringsdict */ = {
			isa = PBXVariantGroup;
			children = (
				9ACF8F092C7FDE6000477E49 /* en */,
				9ACF8F0B2C7FDE6400477E49 /* ru */,
			);
			name = Localizable.stringsdict;
			sourceTree = "<group>";
		};
/* End PBXVariantGroup section */

/* Begin XCBuildConfiguration section */
		9A7C9AD52C802BFB00E1B1CA /* Debug */ = {
			isa = XCBuildConfiguration;
			buildSettings = {
				BUNDLE_LOADER = "$(TEST_HOST)";
				CODE_SIGN_STYLE = Automatic;
				CURRENT_PROJECT_VERSION = 1;
				DEVELOPMENT_TEAM = DTJ82462Q5;
				ENABLE_USER_SCRIPT_SANDBOXING = YES;
				GCC_C_LANGUAGE_STANDARD = gnu17;
				GENERATE_INFOPLIST_FILE = YES;
				LOCALIZATION_PREFERS_STRING_CATALOGS = YES;
				MARKETING_VERSION = 1.0;
				PRODUCT_BUNDLE_IDENTIFIER = ru.yandex.practicum.TrackerTestsYnadex;
				PRODUCT_NAME = "$(TARGET_NAME)";
				SWIFT_EMIT_LOC_STRINGS = NO;
				SWIFT_VERSION = 5.0;
				TARGETED_DEVICE_FAMILY = "1,2";
				TEST_HOST = "$(BUILT_PRODUCTS_DIR)/Tracker.app/$(BUNDLE_EXECUTABLE_FOLDER_PATH)/Tracker";
			};
			name = Debug;
		};
		9A7C9AD62C802BFB00E1B1CA /* Release */ = {
			isa = XCBuildConfiguration;
			buildSettings = {
				BUNDLE_LOADER = "$(TEST_HOST)";
				CODE_SIGN_STYLE = Automatic;
				CURRENT_PROJECT_VERSION = 1;
				DEVELOPMENT_TEAM = DTJ82462Q5;
				ENABLE_USER_SCRIPT_SANDBOXING = YES;
				GCC_C_LANGUAGE_STANDARD = gnu17;
				GENERATE_INFOPLIST_FILE = YES;
				LOCALIZATION_PREFERS_STRING_CATALOGS = YES;
				MARKETING_VERSION = 1.0;
				PRODUCT_BUNDLE_IDENTIFIER = ru.yandex.practicum.TrackerTestsYnadex;
				PRODUCT_NAME = "$(TARGET_NAME)";
				SWIFT_EMIT_LOC_STRINGS = NO;
				SWIFT_VERSION = 5.0;
				TARGETED_DEVICE_FAMILY = "1,2";
				TEST_HOST = "$(BUILT_PRODUCTS_DIR)/Tracker.app/$(BUNDLE_EXECUTABLE_FOLDER_PATH)/Tracker";
			};
			name = Release;
		};
		9AA7B9812C373DDD00DB0E81 /* Debug */ = {
			isa = XCBuildConfiguration;
			buildSettings = {
				ALWAYS_SEARCH_USER_PATHS = NO;
				ASSETCATALOG_COMPILER_GENERATE_SWIFT_ASSET_SYMBOL_EXTENSIONS = YES;
				CLANG_ANALYZER_LOCALIZABILITY_NONLOCALIZED = YES;
				CLANG_ANALYZER_NONNULL = YES;
				CLANG_ANALYZER_NUMBER_OBJECT_CONVERSION = YES_AGGRESSIVE;
				CLANG_CXX_LANGUAGE_STANDARD = "gnu++20";
				CLANG_ENABLE_MODULES = YES;
				CLANG_ENABLE_OBJC_ARC = YES;
				CLANG_ENABLE_OBJC_WEAK = YES;
				CLANG_WARN_BLOCK_CAPTURE_AUTORELEASING = YES;
				CLANG_WARN_BOOL_CONVERSION = YES;
				CLANG_WARN_COMMA = YES;
				CLANG_WARN_CONSTANT_CONVERSION = YES;
				CLANG_WARN_DEPRECATED_OBJC_IMPLEMENTATIONS = YES;
				CLANG_WARN_DIRECT_OBJC_ISA_USAGE = YES_ERROR;
				CLANG_WARN_DOCUMENTATION_COMMENTS = YES;
				CLANG_WARN_EMPTY_BODY = YES;
				CLANG_WARN_ENUM_CONVERSION = YES;
				CLANG_WARN_INFINITE_RECURSION = YES;
				CLANG_WARN_INT_CONVERSION = YES;
				CLANG_WARN_NON_LITERAL_NULL_CONVERSION = YES;
				CLANG_WARN_OBJC_IMPLICIT_RETAIN_SELF = YES;
				CLANG_WARN_OBJC_LITERAL_CONVERSION = YES;
				CLANG_WARN_OBJC_ROOT_CLASS = YES_ERROR;
				CLANG_WARN_QUOTED_INCLUDE_IN_FRAMEWORK_HEADER = YES;
				CLANG_WARN_RANGE_LOOP_ANALYSIS = YES;
				CLANG_WARN_STRICT_PROTOTYPES = YES;
				CLANG_WARN_SUSPICIOUS_MOVE = YES;
				CLANG_WARN_UNGUARDED_AVAILABILITY = YES_AGGRESSIVE;
				CLANG_WARN_UNREACHABLE_CODE = YES;
				CLANG_WARN__DUPLICATE_METHOD_MATCH = YES;
				COPY_PHASE_STRIP = NO;
				DEBUG_INFORMATION_FORMAT = dwarf;
				ENABLE_STRICT_OBJC_MSGSEND = YES;
				ENABLE_TESTABILITY = YES;
				ENABLE_USER_SCRIPT_SANDBOXING = NO;
				GCC_C_LANGUAGE_STANDARD = gnu11;
				GCC_DYNAMIC_NO_PIC = NO;
				GCC_NO_COMMON_BLOCKS = YES;
				GCC_OPTIMIZATION_LEVEL = 0;
				GCC_PREPROCESSOR_DEFINITIONS = (
					"DEBUG=1",
					"$(inherited)",
				);
				GCC_WARN_64_TO_32_BIT_CONVERSION = YES;
				GCC_WARN_ABOUT_RETURN_TYPE = YES_ERROR;
				GCC_WARN_UNDECLARED_SELECTOR = YES;
				GCC_WARN_UNINITIALIZED_AUTOS = YES_AGGRESSIVE;
				GCC_WARN_UNUSED_FUNCTION = YES;
				GCC_WARN_UNUSED_VARIABLE = YES;
				IPHONEOS_DEPLOYMENT_TARGET = 17.2;
				LOCALIZATION_PREFERS_STRING_CATALOGS = NO;
				MTL_ENABLE_DEBUG_INFO = INCLUDE_SOURCE;
				MTL_FAST_MATH = YES;
				ONLY_ACTIVE_ARCH = YES;
				SDKROOT = iphoneos;
				SWIFT_ACTIVE_COMPILATION_CONDITIONS = "DEBUG $(inherited)";
				SWIFT_OPTIMIZATION_LEVEL = "-Onone";
			};
			name = Debug;
		};
		9AA7B9822C373DDD00DB0E81 /* Release */ = {
			isa = XCBuildConfiguration;
			buildSettings = {
				ALWAYS_SEARCH_USER_PATHS = NO;
				ASSETCATALOG_COMPILER_GENERATE_SWIFT_ASSET_SYMBOL_EXTENSIONS = YES;
				CLANG_ANALYZER_LOCALIZABILITY_NONLOCALIZED = YES;
				CLANG_ANALYZER_NONNULL = YES;
				CLANG_ANALYZER_NUMBER_OBJECT_CONVERSION = YES_AGGRESSIVE;
				CLANG_CXX_LANGUAGE_STANDARD = "gnu++20";
				CLANG_ENABLE_MODULES = YES;
				CLANG_ENABLE_OBJC_ARC = YES;
				CLANG_ENABLE_OBJC_WEAK = YES;
				CLANG_WARN_BLOCK_CAPTURE_AUTORELEASING = YES;
				CLANG_WARN_BOOL_CONVERSION = YES;
				CLANG_WARN_COMMA = YES;
				CLANG_WARN_CONSTANT_CONVERSION = YES;
				CLANG_WARN_DEPRECATED_OBJC_IMPLEMENTATIONS = YES;
				CLANG_WARN_DIRECT_OBJC_ISA_USAGE = YES_ERROR;
				CLANG_WARN_DOCUMENTATION_COMMENTS = YES;
				CLANG_WARN_EMPTY_BODY = YES;
				CLANG_WARN_ENUM_CONVERSION = YES;
				CLANG_WARN_INFINITE_RECURSION = YES;
				CLANG_WARN_INT_CONVERSION = YES;
				CLANG_WARN_NON_LITERAL_NULL_CONVERSION = YES;
				CLANG_WARN_OBJC_IMPLICIT_RETAIN_SELF = YES;
				CLANG_WARN_OBJC_LITERAL_CONVERSION = YES;
				CLANG_WARN_OBJC_ROOT_CLASS = YES_ERROR;
				CLANG_WARN_QUOTED_INCLUDE_IN_FRAMEWORK_HEADER = YES;
				CLANG_WARN_RANGE_LOOP_ANALYSIS = YES;
				CLANG_WARN_STRICT_PROTOTYPES = YES;
				CLANG_WARN_SUSPICIOUS_MOVE = YES;
				CLANG_WARN_UNGUARDED_AVAILABILITY = YES_AGGRESSIVE;
				CLANG_WARN_UNREACHABLE_CODE = YES;
				CLANG_WARN__DUPLICATE_METHOD_MATCH = YES;
				COPY_PHASE_STRIP = NO;
				DEBUG_INFORMATION_FORMAT = "dwarf-with-dsym";
				ENABLE_NS_ASSERTIONS = NO;
				ENABLE_STRICT_OBJC_MSGSEND = YES;
				ENABLE_USER_SCRIPT_SANDBOXING = NO;
				GCC_C_LANGUAGE_STANDARD = gnu11;
				GCC_NO_COMMON_BLOCKS = YES;
				GCC_WARN_64_TO_32_BIT_CONVERSION = YES;
				GCC_WARN_ABOUT_RETURN_TYPE = YES_ERROR;
				GCC_WARN_UNDECLARED_SELECTOR = YES;
				GCC_WARN_UNINITIALIZED_AUTOS = YES_AGGRESSIVE;
				GCC_WARN_UNUSED_FUNCTION = YES;
				GCC_WARN_UNUSED_VARIABLE = YES;
				IPHONEOS_DEPLOYMENT_TARGET = 17.2;
				LOCALIZATION_PREFERS_STRING_CATALOGS = NO;
				MTL_ENABLE_DEBUG_INFO = NO;
				MTL_FAST_MATH = YES;
				SDKROOT = iphoneos;
				SWIFT_COMPILATION_MODE = wholemodule;
				VALIDATE_PRODUCT = YES;
			};
			name = Release;
		};
		9AA7B9842C373DDD00DB0E81 /* Debug */ = {
			isa = XCBuildConfiguration;
			baseConfigurationReference = 6903F597FF20ED4306A7A407 /* Pods-Tracker.debug.xcconfig */;
			buildSettings = {
				ASSETCATALOG_COMPILER_APPICON_NAME = AppIcon;
				ASSETCATALOG_COMPILER_GLOBAL_ACCENT_COLOR_NAME = AccentColor;
				CODE_SIGN_STYLE = Automatic;
				CURRENT_PROJECT_VERSION = 1;
				DEVELOPMENT_TEAM = DTJ82462Q5;
				ENABLE_USER_SCRIPT_SANDBOXING = NO;
				GENERATE_INFOPLIST_FILE = YES;
				INFOPLIST_FILE = Tracker/Info.plist;
				INFOPLIST_KEY_UIApplicationSupportsIndirectInputEvents = YES;
				INFOPLIST_KEY_UILaunchStoryboardName = LaunchScreen;
				INFOPLIST_KEY_UIStatusBarStyle = "";
				INFOPLIST_KEY_UISupportedInterfaceOrientations = UIInterfaceOrientationPortrait;
				IPHONEOS_DEPLOYMENT_TARGET = 13.4;
				LD_RUNPATH_SEARCH_PATHS = (
					"$(inherited)",
					"@executable_path/Frameworks",
				);
				MARKETING_VERSION = 1.0;
				PRODUCT_BUNDLE_IDENTIFIER = ru.yandex.practicum.Tracker;
				PRODUCT_NAME = "$(TARGET_NAME)";
				SUPPORTED_PLATFORMS = "iphoneos iphonesimulator";
				SUPPORTS_MACCATALYST = NO;
				SUPPORTS_MAC_DESIGNED_FOR_IPHONE_IPAD = NO;
				SUPPORTS_XR_DESIGNED_FOR_IPHONE_IPAD = NO;
				SWIFT_EMIT_LOC_STRINGS = YES;
				SWIFT_VERSION = 5.0;
				TARGETED_DEVICE_FAMILY = 1;
			};
			name = Debug;
		};
		9AA7B9852C373DDD00DB0E81 /* Release */ = {
			isa = XCBuildConfiguration;
			baseConfigurationReference = AD15DC1C589D13B74A51CAD6 /* Pods-Tracker.release.xcconfig */;
			buildSettings = {
				ASSETCATALOG_COMPILER_APPICON_NAME = AppIcon;
				ASSETCATALOG_COMPILER_GLOBAL_ACCENT_COLOR_NAME = AccentColor;
				CODE_SIGN_STYLE = Automatic;
				CURRENT_PROJECT_VERSION = 1;
				DEVELOPMENT_TEAM = DTJ82462Q5;
				ENABLE_USER_SCRIPT_SANDBOXING = NO;
				GENERATE_INFOPLIST_FILE = YES;
				INFOPLIST_FILE = Tracker/Info.plist;
				INFOPLIST_KEY_UIApplicationSupportsIndirectInputEvents = YES;
				INFOPLIST_KEY_UILaunchStoryboardName = LaunchScreen;
				INFOPLIST_KEY_UIStatusBarStyle = "";
				INFOPLIST_KEY_UISupportedInterfaceOrientations = UIInterfaceOrientationPortrait;
				IPHONEOS_DEPLOYMENT_TARGET = 13.4;
				LD_RUNPATH_SEARCH_PATHS = (
					"$(inherited)",
					"@executable_path/Frameworks",
				);
				MARKETING_VERSION = 1.0;
				PRODUCT_BUNDLE_IDENTIFIER = ru.yandex.practicum.Tracker;
				PRODUCT_NAME = "$(TARGET_NAME)";
				SUPPORTED_PLATFORMS = "iphoneos iphonesimulator";
				SUPPORTS_MACCATALYST = NO;
				SUPPORTS_MAC_DESIGNED_FOR_IPHONE_IPAD = NO;
				SUPPORTS_XR_DESIGNED_FOR_IPHONE_IPAD = NO;
				SWIFT_EMIT_LOC_STRINGS = YES;
				SWIFT_VERSION = 5.0;
				TARGETED_DEVICE_FAMILY = 1;
			};
			name = Release;
		};
/* End XCBuildConfiguration section */

/* Begin XCConfigurationList section */
		9A7C9AD42C802BFB00E1B1CA /* Build configuration list for PBXNativeTarget "TrackerTestsYandex" */ = {
			isa = XCConfigurationList;
			buildConfigurations = (
				9A7C9AD52C802BFB00E1B1CA /* Debug */,
				9A7C9AD62C802BFB00E1B1CA /* Release */,
			);
			defaultConfigurationIsVisible = 0;
			defaultConfigurationName = Release;
		};
		9AA7B96A2C373DDB00DB0E81 /* Build configuration list for PBXProject "Tracker" */ = {
			isa = XCConfigurationList;
			buildConfigurations = (
				9AA7B9812C373DDD00DB0E81 /* Debug */,
				9AA7B9822C373DDD00DB0E81 /* Release */,
			);
			defaultConfigurationIsVisible = 0;
			defaultConfigurationName = Release;
		};
		9AA7B9832C373DDD00DB0E81 /* Build configuration list for PBXNativeTarget "Tracker" */ = {
			isa = XCConfigurationList;
			buildConfigurations = (
				9AA7B9842C373DDD00DB0E81 /* Debug */,
				9AA7B9852C373DDD00DB0E81 /* Release */,
			);
			defaultConfigurationIsVisible = 0;
			defaultConfigurationName = Release;
		};
/* End XCConfigurationList section */

/* Begin XCRemoteSwiftPackageReference section */
		9A7C9AE82C80F58700E1B1CA /* XCRemoteSwiftPackageReference "swift-snapshot-testing" */ = {
			isa = XCRemoteSwiftPackageReference;
			repositoryURL = "https://github.com/pointfreeco/swift-snapshot-testing";
			requirement = {
				kind = upToNextMajorVersion;
				minimumVersion = 1.17.4;
			};
		};
/* End XCRemoteSwiftPackageReference section */

/* Begin XCSwiftPackageProductDependency section */
		9A7C9AE92C80F58700E1B1CA /* InlineSnapshotTesting */ = {
			isa = XCSwiftPackageProductDependency;
			package = 9A7C9AE82C80F58700E1B1CA /* XCRemoteSwiftPackageReference "swift-snapshot-testing" */;
			productName = InlineSnapshotTesting;
		};
		9A7C9AEB2C80F58700E1B1CA /* SnapshotTesting */ = {
			isa = XCSwiftPackageProductDependency;
			package = 9A7C9AE82C80F58700E1B1CA /* XCRemoteSwiftPackageReference "swift-snapshot-testing" */;
			productName = SnapshotTesting;
		};
/* End XCSwiftPackageProductDependency section */

/* Begin XCVersionGroup section */
		9A704F122C73BF0900EEE42B /* Tracker.xcdatamodeld */ = {
			isa = XCVersionGroup;
			children = (
				9A704F132C73BF0900EEE42B /* TrackerModelCoreData.xcdatamodel */,
			);
			currentVersion = 9A704F132C73BF0900EEE42B /* TrackerModelCoreData.xcdatamodel */;
			path = Tracker.xcdatamodeld;
			sourceTree = "<group>";
			versionGroupType = wrapper.xcdatamodel;
		};
/* End XCVersionGroup section */
	};
	rootObject = 9AA7B9672C373DDB00DB0E81 /* Project object */;
}
